// !$*UTF8*$!
{
	archiveVersion = 1;
	classes = {
	};
	objectVersion = 56;
	objects = {

/* Begin PBXBuildFile section */
		861267472931A83E005F8095 /* FilesView.xib in Resources */ = {isa = PBXBuildFile; fileRef = 861267462931A83E005F8095 /* FilesView.xib */; };
		86704992292C88B4005B94C3 /* Notes-improved.xcdatamodeld in Sources */ = {isa = PBXBuildFile; fileRef = 86704990292C88B4005B94C3 /* Notes-improved.xcdatamodeld */; };
		86A443C2292609C4004F9ED6 /* UIView.swift in Sources */ = {isa = PBXBuildFile; fileRef = 86A443C1292609C4004F9ED6 /* UIView.swift */; };
		86A7E75A2931BC43003DE395 /* FileItemCell.xib in Resources */ = {isa = PBXBuildFile; fileRef = 86A7E7592931BC43003DE395 /* FileItemCell.xib */; };
		86AC20F1293D3B0300F8C682 /* FileOptionsPopoverViewController.swift in Sources */ = {isa = PBXBuildFile; fileRef = 86AC20F0293D3B0300F8C682 /* FileOptionsPopoverViewController.swift */; };
		86B0F9292928426B00A21941 /* PDFKit.framework in Frameworks */ = {isa = PBXBuildFile; fileRef = 86B0F9282928426B00A21941 /* PDFKit.framework */; };
		86B979DF29331F0400E4487F /* JetBrainsMono-Medium-Italic.ttf in Resources */ = {isa = PBXBuildFile; fileRef = 86B979D729331F0100E4487F /* JetBrainsMono-Medium-Italic.ttf */; };
		86B979E029331F0400E4487F /* JetBrainsMono-ExtraBold.ttf in Resources */ = {isa = PBXBuildFile; fileRef = 86B979D829331F0200E4487F /* JetBrainsMono-ExtraBold.ttf */; };
		86B979E129331F0400E4487F /* JetBrainsMono-ExtraBold-Italic.ttf in Resources */ = {isa = PBXBuildFile; fileRef = 86B979D929331F0200E4487F /* JetBrainsMono-ExtraBold-Italic.ttf */; };
		86B979E229331F0400E4487F /* JetBrainsMono-Bold.ttf in Resources */ = {isa = PBXBuildFile; fileRef = 86B979DA29331F0300E4487F /* JetBrainsMono-Bold.ttf */; };
		86B979E329331F0400E4487F /* JetBrainsMono-Regular.ttf in Resources */ = {isa = PBXBuildFile; fileRef = 86B979DB29331F0300E4487F /* JetBrainsMono-Regular.ttf */; };
		86B979E429331F0400E4487F /* JetBrainsMono-Bold-Italic.ttf in Resources */ = {isa = PBXBuildFile; fileRef = 86B979DC29331F0300E4487F /* JetBrainsMono-Bold-Italic.ttf */; };
		86B979E529331F0400E4487F /* JetBrainsMono-Medium.ttf in Resources */ = {isa = PBXBuildFile; fileRef = 86B979DD29331F0400E4487F /* JetBrainsMono-Medium.ttf */; };
		86B979E629331F0400E4487F /* JetBrainsMono-Italic.ttf in Resources */ = {isa = PBXBuildFile; fileRef = 86B979DE29331F0400E4487F /* JetBrainsMono-Italic.ttf */; };
		86EE0E552924C8D300063B8F /* AppDelegate.swift in Sources */ = {isa = PBXBuildFile; fileRef = 86EE0E542924C8D300063B8F /* AppDelegate.swift */; };
		86EE0E572924C8D300063B8F /* SceneDelegate.swift in Sources */ = {isa = PBXBuildFile; fileRef = 86EE0E562924C8D300063B8F /* SceneDelegate.swift */; };
		86EE0E5C2924C8D300063B8F /* Main.storyboard in Resources */ = {isa = PBXBuildFile; fileRef = 86EE0E5A2924C8D300063B8F /* Main.storyboard */; };
		86EE0E5E2924C8D800063B8F /* Assets.xcassets in Resources */ = {isa = PBXBuildFile; fileRef = 86EE0E5D2924C8D800063B8F /* Assets.xcassets */; };
		86EE0E612924C8D800063B8F /* LaunchScreen.storyboard in Resources */ = {isa = PBXBuildFile; fileRef = 86EE0E5F2924C8D800063B8F /* LaunchScreen.storyboard */; };
		86EE0E692924C97400063B8F /* CanvasViewController.swift in Sources */ = {isa = PBXBuildFile; fileRef = 86EE0E682924C97400063B8F /* CanvasViewController.swift */; };
		86EE0E6B2924C97A00063B8F /* DebugViewController.swift in Sources */ = {isa = PBXBuildFile; fileRef = 86EE0E6A2924C97A00063B8F /* DebugViewController.swift */; };
		86EE0E6D2924C98100063B8F /* SettingsViewController.swift in Sources */ = {isa = PBXBuildFile; fileRef = 86EE0E6C2924C98100063B8F /* SettingsViewController.swift */; };
		86EF77192929847400B28E1C /* HomeViewController.swift in Sources */ = {isa = PBXBuildFile; fileRef = 86EF77182929847400B28E1C /* HomeViewController.swift */; };
		86F136CF293B127A00426B4B /* CreationPopoverViewController.swift in Sources */ = {isa = PBXBuildFile; fileRef = 86F136CE293B127A00426B4B /* CreationPopoverViewController.swift */; };
		86F136D3293C39AE00426B4B /* FilesView.swift in Sources */ = {isa = PBXBuildFile; fileRef = 86F136D2293C39AE00426B4B /* FilesView.swift */; };
/* End PBXBuildFile section */

/* Begin PBXFileReference section */
		861267462931A83E005F8095 /* FilesView.xib */ = {isa = PBXFileReference; lastKnownFileType = file.xib; path = FilesView.xib; sourceTree = "<group>"; };
		86704991292C88B4005B94C3 /* Notes-improved.xcdatamodel */ = {isa = PBXFileReference; lastKnownFileType = wrapper.xcdatamodel; path = "Notes-improved.xcdatamodel"; sourceTree = "<group>"; };
		86A443C1292609C4004F9ED6 /* UIView.swift */ = {isa = PBXFileReference; lastKnownFileType = sourcecode.swift; path = UIView.swift; sourceTree = "<group>"; };
		86A7E7592931BC43003DE395 /* FileItemCell.xib */ = {isa = PBXFileReference; lastKnownFileType = file.xib; path = FileItemCell.xib; sourceTree = "<group>"; };
		86AC20F0293D3B0300F8C682 /* FileOptionsPopoverViewController.swift */ = {isa = PBXFileReference; lastKnownFileType = sourcecode.swift; path = FileOptionsPopoverViewController.swift; sourceTree = "<group>"; };
		86B0F9282928426B00A21941 /* PDFKit.framework */ = {isa = PBXFileReference; lastKnownFileType = wrapper.framework; name = PDFKit.framework; path = System/Library/Frameworks/PDFKit.framework; sourceTree = SDKROOT; };
		86B979D729331F0100E4487F /* JetBrainsMono-Medium-Italic.ttf */ = {isa = PBXFileReference; lastKnownFileType = file; path = "JetBrainsMono-Medium-Italic.ttf"; sourceTree = "<group>"; };
		86B979D829331F0200E4487F /* JetBrainsMono-ExtraBold.ttf */ = {isa = PBXFileReference; lastKnownFileType = file; path = "JetBrainsMono-ExtraBold.ttf"; sourceTree = "<group>"; };
		86B979D929331F0200E4487F /* JetBrainsMono-ExtraBold-Italic.ttf */ = {isa = PBXFileReference; lastKnownFileType = file; path = "JetBrainsMono-ExtraBold-Italic.ttf"; sourceTree = "<group>"; };
		86B979DA29331F0300E4487F /* JetBrainsMono-Bold.ttf */ = {isa = PBXFileReference; lastKnownFileType = file; path = "JetBrainsMono-Bold.ttf"; sourceTree = "<group>"; };
		86B979DB29331F0300E4487F /* JetBrainsMono-Regular.ttf */ = {isa = PBXFileReference; lastKnownFileType = file; path = "JetBrainsMono-Regular.ttf"; sourceTree = "<group>"; };
		86B979DC29331F0300E4487F /* JetBrainsMono-Bold-Italic.ttf */ = {isa = PBXFileReference; lastKnownFileType = file; path = "JetBrainsMono-Bold-Italic.ttf"; sourceTree = "<group>"; };
		86B979DD29331F0400E4487F /* JetBrainsMono-Medium.ttf */ = {isa = PBXFileReference; lastKnownFileType = file; path = "JetBrainsMono-Medium.ttf"; sourceTree = "<group>"; };
		86B979DE29331F0400E4487F /* JetBrainsMono-Italic.ttf */ = {isa = PBXFileReference; lastKnownFileType = file; path = "JetBrainsMono-Italic.ttf"; sourceTree = "<group>"; };
		86EE0E512924C8D300063B8F /* Notes-improved.app */ = {isa = PBXFileReference; explicitFileType = wrapper.application; includeInIndex = 0; path = "Notes-improved.app"; sourceTree = BUILT_PRODUCTS_DIR; };
		86EE0E542924C8D300063B8F /* AppDelegate.swift */ = {isa = PBXFileReference; lastKnownFileType = sourcecode.swift; path = AppDelegate.swift; sourceTree = "<group>"; };
		86EE0E562924C8D300063B8F /* SceneDelegate.swift */ = {isa = PBXFileReference; lastKnownFileType = sourcecode.swift; path = SceneDelegate.swift; sourceTree = "<group>"; };
		86EE0E5B2924C8D300063B8F /* Base */ = {isa = PBXFileReference; lastKnownFileType = file.storyboard; name = Base; path = Base.lproj/Main.storyboard; sourceTree = "<group>"; };
		86EE0E5D2924C8D800063B8F /* Assets.xcassets */ = {isa = PBXFileReference; lastKnownFileType = folder.assetcatalog; path = Assets.xcassets; sourceTree = "<group>"; };
		86EE0E602924C8D800063B8F /* Base */ = {isa = PBXFileReference; lastKnownFileType = file.storyboard; name = Base; path = Base.lproj/LaunchScreen.storyboard; sourceTree = "<group>"; };
		86EE0E622924C8D800063B8F /* Info.plist */ = {isa = PBXFileReference; lastKnownFileType = text.plist.xml; path = Info.plist; sourceTree = "<group>"; };
		86EE0E682924C97400063B8F /* CanvasViewController.swift */ = {isa = PBXFileReference; fileEncoding = 4; lastKnownFileType = sourcecode.swift; path = CanvasViewController.swift; sourceTree = "<group>"; };
		86EE0E6A2924C97A00063B8F /* DebugViewController.swift */ = {isa = PBXFileReference; fileEncoding = 4; lastKnownFileType = sourcecode.swift; path = DebugViewController.swift; sourceTree = "<group>"; };
		86EE0E6C2924C98100063B8F /* SettingsViewController.swift */ = {isa = PBXFileReference; fileEncoding = 4; lastKnownFileType = sourcecode.swift; path = SettingsViewController.swift; sourceTree = "<group>"; };
		86EF77182929847400B28E1C /* HomeViewController.swift */ = {isa = PBXFileReference; lastKnownFileType = sourcecode.swift; path = HomeViewController.swift; sourceTree = "<group>"; };
		86F136CE293B127A00426B4B /* CreationPopoverViewController.swift */ = {isa = PBXFileReference; lastKnownFileType = sourcecode.swift; path = CreationPopoverViewController.swift; sourceTree = "<group>"; };
		86F136D2293C39AE00426B4B /* FilesView.swift */ = {isa = PBXFileReference; lastKnownFileType = sourcecode.swift; path = FilesView.swift; sourceTree = "<group>"; };
/* End PBXFileReference section */

/* Begin PBXFrameworksBuildPhase section */
		86EE0E4E2924C8D300063B8F /* Frameworks */ = {
			isa = PBXFrameworksBuildPhase;
			buildActionMask = 2147483647;
			files = (
				86B0F9292928426B00A21941 /* PDFKit.framework in Frameworks */,
			);
			runOnlyForDeploymentPostprocessing = 0;
		};
/* End PBXFrameworksBuildPhase section */

/* Begin PBXGroup section */
		861267452931A818005F8095 /* CustomViews */ = {
			isa = PBXGroup;
			children = (
				861267462931A83E005F8095 /* FilesView.xib */,
				86F136D2293C39AE00426B4B /* FilesView.swift */,
				86A7E7592931BC43003DE395 /* FileItemCell.xib */,
			);
			path = CustomViews;
			sourceTree = "<group>";
		};
		86704993292C906A005B94C3 /* UIViews */ = {
			isa = PBXGroup;
			children = (
				86A443C1292609C4004F9ED6 /* UIView.swift */,
			);
			path = UIViews;
			sourceTree = "<group>";
		};
		86B0F9272928426B00A21941 /* Frameworks */ = {
			isa = PBXGroup;
			children = (
				86B0F9282928426B00A21941 /* PDFKit.framework */,
			);
			name = Frameworks;
			sourceTree = "<group>";
		};
		86B979D529331EB000E4487F /* Assets */ = {
			isa = PBXGroup;
			children = (
				86EE0E5D2924C8D800063B8F /* Assets.xcassets */,
				86B979D629331EBA00E4487F /* Fonts */,
			);
			path = Assets;
			sourceTree = "<group>";
		};
		86B979D629331EBA00E4487F /* Fonts */ = {
			isa = PBXGroup;
			children = (
				86B979DC29331F0300E4487F /* JetBrainsMono-Bold-Italic.ttf */,
				86B979DA29331F0300E4487F /* JetBrainsMono-Bold.ttf */,
				86B979D929331F0200E4487F /* JetBrainsMono-ExtraBold-Italic.ttf */,
				86B979D829331F0200E4487F /* JetBrainsMono-ExtraBold.ttf */,
				86B979DE29331F0400E4487F /* JetBrainsMono-Italic.ttf */,
				86B979D729331F0100E4487F /* JetBrainsMono-Medium-Italic.ttf */,
				86B979DD29331F0400E4487F /* JetBrainsMono-Medium.ttf */,
				86B979DB29331F0300E4487F /* JetBrainsMono-Regular.ttf */,
			);
			path = Fonts;
			sourceTree = "<group>";
		};
		86EE0E482924C8D300063B8F = {
			isa = PBXGroup;
			children = (
				86EE0E532924C8D300063B8F /* Notes-improved */,
				86EE0E522924C8D300063B8F /* Products */,
				86B0F9272928426B00A21941 /* Frameworks */,
			);
			sourceTree = "<group>";
		};
		86EE0E522924C8D300063B8F /* Products */ = {
			isa = PBXGroup;
			children = (
				86EE0E512924C8D300063B8F /* Notes-improved.app */,
			);
			name = Products;
			sourceTree = "<group>";
		};
		86EE0E532924C8D300063B8F /* Notes-improved */ = {
			isa = PBXGroup;
			children = (
				86EF77172929828B00B28E1C /* ViewControllers */,
				86704993292C906A005B94C3 /* UIViews */,
				861267452931A818005F8095 /* CustomViews */,
				86EE0E5A2924C8D300063B8F /* Main.storyboard */,
				86EE0E5F2924C8D800063B8F /* LaunchScreen.storyboard */,
				86B979D529331EB000E4487F /* Assets */,
				86704990292C88B4005B94C3 /* Notes-improved.xcdatamodeld */,
				86EE0E542924C8D300063B8F /* AppDelegate.swift */,
				86EE0E562924C8D300063B8F /* SceneDelegate.swift */,
				86EE0E622924C8D800063B8F /* Info.plist */,
			);
			path = "Notes-improved";
			sourceTree = "<group>";
		};
		86EF77172929828B00B28E1C /* ViewControllers */ = {
			isa = PBXGroup;
			children = (
				86EE0E6A2924C97A00063B8F /* DebugViewController.swift */,
				86EE0E682924C97400063B8F /* CanvasViewController.swift */,
				86EE0E6C2924C98100063B8F /* SettingsViewController.swift */,
				86EF77182929847400B28E1C /* HomeViewController.swift */,
				86F136CE293B127A00426B4B /* CreationPopoverViewController.swift */,
				86AC20F0293D3B0300F8C682 /* FileOptionsPopoverViewController.swift */,
			);
			path = ViewControllers;
			sourceTree = "<group>";
		};
/* End PBXGroup section */

/* Begin PBXNativeTarget section */
		86EE0E502924C8D300063B8F /* Notes-improved */ = {
			isa = PBXNativeTarget;
			buildConfigurationList = 86EE0E652924C8D800063B8F /* Build configuration list for PBXNativeTarget "Notes-improved" */;
			buildPhases = (
				86EE0E4D2924C8D300063B8F /* Sources */,
				86EE0E4E2924C8D300063B8F /* Frameworks */,
				86EE0E4F2924C8D300063B8F /* Resources */,
			);
			buildRules = (
			);
			dependencies = (
			);
			name = "Notes-improved";
			productName = "Notes-improved";
			productReference = 86EE0E512924C8D300063B8F /* Notes-improved.app */;
			productType = "com.apple.product-type.application";
		};
/* End PBXNativeTarget section */

/* Begin PBXProject section */
		86EE0E492924C8D300063B8F /* Project object */ = {
			isa = PBXProject;
			attributes = {
				BuildIndependentTargetsInParallel = 1;
				LastSwiftUpdateCheck = 1410;
				LastUpgradeCheck = 1410;
				ORGANIZATIONNAME = "Uzair Tariq";
				TargetAttributes = {
					86EE0E502924C8D300063B8F = {
						CreatedOnToolsVersion = 14.1;
					};
				};
			};
			buildConfigurationList = 86EE0E4C2924C8D300063B8F /* Build configuration list for PBXProject "Notes-improved" */;
			compatibilityVersion = "Xcode 14.0";
			developmentRegion = en;
			hasScannedForEncodings = 0;
			knownRegions = (
				en,
				Base,
			);
			mainGroup = 86EE0E482924C8D300063B8F;
			productRefGroup = 86EE0E522924C8D300063B8F /* Products */;
			projectDirPath = "";
			projectRoot = "";
			targets = (
				86EE0E502924C8D300063B8F /* Notes-improved */,
			);
		};
/* End PBXProject section */

/* Begin PBXResourcesBuildPhase section */
		86EE0E4F2924C8D300063B8F /* Resources */ = {
			isa = PBXResourcesBuildPhase;
			buildActionMask = 2147483647;
			files = (
				86B979E429331F0400E4487F /* JetBrainsMono-Bold-Italic.ttf in Resources */,
				861267472931A83E005F8095 /* FilesView.xib in Resources */,
				86EE0E612924C8D800063B8F /* LaunchScreen.storyboard in Resources */,
				86B979E029331F0400E4487F /* JetBrainsMono-ExtraBold.ttf in Resources */,
				86EE0E5E2924C8D800063B8F /* Assets.xcassets in Resources */,
				86B979E229331F0400E4487F /* JetBrainsMono-Bold.ttf in Resources */,
				86B979DF29331F0400E4487F /* JetBrainsMono-Medium-Italic.ttf in Resources */,
				86B979E629331F0400E4487F /* JetBrainsMono-Italic.ttf in Resources */,
				86A7E75A2931BC43003DE395 /* FileItemCell.xib in Resources */,
				86B979E129331F0400E4487F /* JetBrainsMono-ExtraBold-Italic.ttf in Resources */,
				86B979E529331F0400E4487F /* JetBrainsMono-Medium.ttf in Resources */,
				86EE0E5C2924C8D300063B8F /* Main.storyboard in Resources */,
				86B979E329331F0400E4487F /* JetBrainsMono-Regular.ttf in Resources */,
			);
			runOnlyForDeploymentPostprocessing = 0;
		};
/* End PBXResourcesBuildPhase section */

/* Begin PBXSourcesBuildPhase section */
		86EE0E4D2924C8D300063B8F /* Sources */ = {
			isa = PBXSourcesBuildPhase;
			buildActionMask = 2147483647;
			files = (
				86EE0E692924C97400063B8F /* CanvasViewController.swift in Sources */,
				86EE0E552924C8D300063B8F /* AppDelegate.swift in Sources */,
				86A443C2292609C4004F9ED6 /* UIView.swift in Sources */,
				86EE0E572924C8D300063B8F /* SceneDelegate.swift in Sources */,
				86F136D3293C39AE00426B4B /* FilesView.swift in Sources */,
				86EE0E6B2924C97A00063B8F /* DebugViewController.swift in Sources */,
				86EF77192929847400B28E1C /* HomeViewController.swift in Sources */,
				86EE0E6D2924C98100063B8F /* SettingsViewController.swift in Sources */,
				86704992292C88B4005B94C3 /* Notes-improved.xcdatamodeld in Sources */,
				86F136CF293B127A00426B4B /* CreationPopoverViewController.swift in Sources */,
				86AC20F1293D3B0300F8C682 /* FileOptionsPopoverViewController.swift in Sources */,
			);
			runOnlyForDeploymentPostprocessing = 0;
		};
/* End PBXSourcesBuildPhase section */

/* Begin PBXVariantGroup section */
		86EE0E5A2924C8D300063B8F /* Main.storyboard */ = {
			isa = PBXVariantGroup;
			children = (
				86EE0E5B2924C8D300063B8F /* Base */,
			);
			name = Main.storyboard;
			sourceTree = "<group>";
		};
		86EE0E5F2924C8D800063B8F /* LaunchScreen.storyboard */ = {
			isa = PBXVariantGroup;
			children = (
				86EE0E602924C8D800063B8F /* Base */,
			);
			name = LaunchScreen.storyboard;
			sourceTree = "<group>";
		};
/* End PBXVariantGroup section */

/* Begin XCBuildConfiguration section */
		86EE0E632924C8D800063B8F /* Debug */ = {
			isa = XCBuildConfiguration;
			buildSettings = {
				ALWAYS_SEARCH_USER_PATHS = NO;
				CLANG_ANALYZER_NONNULL = YES;
				CLANG_ANALYZER_NUMBER_OBJECT_CONVERSION = YES_AGGRESSIVE;
				CLANG_CXX_LANGUAGE_STANDARD = "gnu++20";
				CLANG_ENABLE_MODULES = YES;
				CLANG_ENABLE_OBJC_ARC = YES;
				CLANG_ENABLE_OBJC_WEAK = YES;
				CLANG_WARN_BLOCK_CAPTURE_AUTORELEASING = YES;
				CLANG_WARN_BOOL_CONVERSION = YES;
				CLANG_WARN_COMMA = YES;
				CLANG_WARN_CONSTANT_CONVERSION = YES;
				CLANG_WARN_DEPRECATED_OBJC_IMPLEMENTATIONS = YES;
				CLANG_WARN_DIRECT_OBJC_ISA_USAGE = YES_ERROR;
				CLANG_WARN_DOCUMENTATION_COMMENTS = YES;
				CLANG_WARN_EMPTY_BODY = YES;
				CLANG_WARN_ENUM_CONVERSION = YES;
				CLANG_WARN_INFINITE_RECURSION = YES;
				CLANG_WARN_INT_CONVERSION = YES;
				CLANG_WARN_NON_LITERAL_NULL_CONVERSION = YES;
				CLANG_WARN_OBJC_IMPLICIT_RETAIN_SELF = YES;
				CLANG_WARN_OBJC_LITERAL_CONVERSION = YES;
				CLANG_WARN_OBJC_ROOT_CLASS = YES_ERROR;
				CLANG_WARN_QUOTED_INCLUDE_IN_FRAMEWORK_HEADER = YES;
				CLANG_WARN_RANGE_LOOP_ANALYSIS = YES;
				CLANG_WARN_STRICT_PROTOTYPES = YES;
				CLANG_WARN_SUSPICIOUS_MOVE = YES;
				CLANG_WARN_UNGUARDED_AVAILABILITY = YES_AGGRESSIVE;
				CLANG_WARN_UNREACHABLE_CODE = YES;
				CLANG_WARN__DUPLICATE_METHOD_MATCH = YES;
				COPY_PHASE_STRIP = NO;
				DEBUG_INFORMATION_FORMAT = dwarf;
				ENABLE_STRICT_OBJC_MSGSEND = YES;
				ENABLE_TESTABILITY = YES;
				GCC_C_LANGUAGE_STANDARD = gnu11;
				GCC_DYNAMIC_NO_PIC = NO;
				GCC_NO_COMMON_BLOCKS = YES;
				GCC_OPTIMIZATION_LEVEL = 0;
				GCC_PREPROCESSOR_DEFINITIONS = (
					"DEBUG=1",
					"$(inherited)",
				);
				GCC_WARN_64_TO_32_BIT_CONVERSION = YES;
				GCC_WARN_ABOUT_RETURN_TYPE = YES_ERROR;
				GCC_WARN_UNDECLARED_SELECTOR = YES;
				GCC_WARN_UNINITIALIZED_AUTOS = YES_AGGRESSIVE;
				GCC_WARN_UNUSED_FUNCTION = YES;
				GCC_WARN_UNUSED_VARIABLE = YES;
				IPHONEOS_DEPLOYMENT_TARGET = 16.1;
				MTL_ENABLE_DEBUG_INFO = INCLUDE_SOURCE;
				MTL_FAST_MATH = YES;
				ONLY_ACTIVE_ARCH = YES;
				SDKROOT = iphoneos;
				SWIFT_ACTIVE_COMPILATION_CONDITIONS = DEBUG;
				SWIFT_OPTIMIZATION_LEVEL = "-Onone";
			};
			name = Debug;
		};
		86EE0E642924C8D800063B8F /* Release */ = {
			isa = XCBuildConfiguration;
			buildSettings = {
				ALWAYS_SEARCH_USER_PATHS = NO;
				CLANG_ANALYZER_NONNULL = YES;
				CLANG_ANALYZER_NUMBER_OBJECT_CONVERSION = YES_AGGRESSIVE;
				CLANG_CXX_LANGUAGE_STANDARD = "gnu++20";
				CLANG_ENABLE_MODULES = YES;
				CLANG_ENABLE_OBJC_ARC = YES;
				CLANG_ENABLE_OBJC_WEAK = YES;
				CLANG_WARN_BLOCK_CAPTURE_AUTORELEASING = YES;
				CLANG_WARN_BOOL_CONVERSION = YES;
				CLANG_WARN_COMMA = YES;
				CLANG_WARN_CONSTANT_CONVERSION = YES;
				CLANG_WARN_DEPRECATED_OBJC_IMPLEMENTATIONS = YES;
				CLANG_WARN_DIRECT_OBJC_ISA_USAGE = YES_ERROR;
				CLANG_WARN_DOCUMENTATION_COMMENTS = YES;
				CLANG_WARN_EMPTY_BODY = YES;
				CLANG_WARN_ENUM_CONVERSION = YES;
				CLANG_WARN_INFINITE_RECURSION = YES;
				CLANG_WARN_INT_CONVERSION = YES;
				CLANG_WARN_NON_LITERAL_NULL_CONVERSION = YES;
				CLANG_WARN_OBJC_IMPLICIT_RETAIN_SELF = YES;
				CLANG_WARN_OBJC_LITERAL_CONVERSION = YES;
				CLANG_WARN_OBJC_ROOT_CLASS = YES_ERROR;
				CLANG_WARN_QUOTED_INCLUDE_IN_FRAMEWORK_HEADER = YES;
				CLANG_WARN_RANGE_LOOP_ANALYSIS = YES;
				CLANG_WARN_STRICT_PROTOTYPES = YES;
				CLANG_WARN_SUSPICIOUS_MOVE = YES;
				CLANG_WARN_UNGUARDED_AVAILABILITY = YES_AGGRESSIVE;
				CLANG_WARN_UNREACHABLE_CODE = YES;
				CLANG_WARN__DUPLICATE_METHOD_MATCH = YES;
				COPY_PHASE_STRIP = NO;
				DEBUG_INFORMATION_FORMAT = "dwarf-with-dsym";
				ENABLE_NS_ASSERTIONS = NO;
				ENABLE_STRICT_OBJC_MSGSEND = YES;
				GCC_C_LANGUAGE_STANDARD = gnu11;
				GCC_NO_COMMON_BLOCKS = YES;
				GCC_WARN_64_TO_32_BIT_CONVERSION = YES;
				GCC_WARN_ABOUT_RETURN_TYPE = YES_ERROR;
				GCC_WARN_UNDECLARED_SELECTOR = YES;
				GCC_WARN_UNINITIALIZED_AUTOS = YES_AGGRESSIVE;
				GCC_WARN_UNUSED_FUNCTION = YES;
				GCC_WARN_UNUSED_VARIABLE = YES;
				IPHONEOS_DEPLOYMENT_TARGET = 16.1;
				MTL_ENABLE_DEBUG_INFO = NO;
				MTL_FAST_MATH = YES;
				SDKROOT = iphoneos;
				SWIFT_COMPILATION_MODE = wholemodule;
				SWIFT_OPTIMIZATION_LEVEL = "-O";
				VALIDATE_PRODUCT = YES;
			};
			name = Release;
		};
		86EE0E662924C8D800063B8F /* Debug */ = {
			isa = XCBuildConfiguration;
			buildSettings = {
				ASSETCATALOG_COMPILER_APPICON_NAME = AppIcon;
				ASSETCATALOG_COMPILER_GLOBAL_ACCENT_COLOR_NAME = AccentColor;
				CODE_SIGN_STYLE = Automatic;
				CURRENT_PROJECT_VERSION = 1;
				DEVELOPMENT_TEAM = 573QX86S42;
				GENERATE_INFOPLIST_FILE = YES;
				INFOPLIST_FILE = "Notes-improved/Info.plist";
				INFOPLIST_KEY_CFBundleDisplayName = "Notes(im)";
				INFOPLIST_KEY_LSApplicationCategoryType = "public.app-category.productivity";
				INFOPLIST_KEY_UIApplicationSupportsIndirectInputEvents = YES;
				INFOPLIST_KEY_UILaunchStoryboardName = LaunchScreen.storyboard;
				INFOPLIST_KEY_UIMainStoryboardFile = Main;
				INFOPLIST_KEY_UIRequiresFullScreen = NO;
				INFOPLIST_KEY_UISupportedInterfaceOrientations_iPad = "UIInterfaceOrientationPortrait UIInterfaceOrientationPortraitUpsideDown UIInterfaceOrientationLandscapeLeft UIInterfaceOrientationLandscapeRight";
				INFOPLIST_KEY_UISupportedInterfaceOrientations_iPhone = "UIInterfaceOrientationPortrait UIInterfaceOrientationLandscapeLeft UIInterfaceOrientationLandscapeRight";
				IPHONEOS_DEPLOYMENT_TARGET = 16.0;
				LD_RUNPATH_SEARCH_PATHS = (
					"$(inherited)",
					"@executable_path/Frameworks",
				);
				MARKETING_VERSION = 0.1.0;
				PRODUCT_BUNDLE_IDENTIFIER = "UzairTariq.Notes-improved";
				PRODUCT_NAME = "$(TARGET_NAME)";
				SUPPORTED_PLATFORMS = "iphoneos iphonesimulator";
				SUPPORTS_MACCATALYST = NO;
				SUPPORTS_MAC_DESIGNED_FOR_IPHONE_IPAD = NO;
				SWIFT_EMIT_LOC_STRINGS = YES;
				SWIFT_VERSION = 5.0;
				TARGETED_DEVICE_FAMILY = 2;
			};
			name = Debug;
		};
		86EE0E672924C8D800063B8F /* Release */ = {
			isa = XCBuildConfiguration;
			buildSettings = {
				ASSETCATALOG_COMPILER_APPICON_NAME = AppIcon;
				ASSETCATALOG_COMPILER_GLOBAL_ACCENT_COLOR_NAME = AccentColor;
				CODE_SIGN_STYLE = Automatic;
				CURRENT_PROJECT_VERSION = 1;
				DEVELOPMENT_TEAM = 573QX86S42;
				GENERATE_INFOPLIST_FILE = YES;
				INFOPLIST_FILE = "Notes-improved/Info.plist";
				INFOPLIST_KEY_CFBundleDisplayName = "Notes(im)";
				INFOPLIST_KEY_LSApplicationCategoryType = "public.app-category.productivity";
				INFOPLIST_KEY_UIApplicationSupportsIndirectInputEvents = YES;
				INFOPLIST_KEY_UILaunchStoryboardName = LaunchScreen.storyboard;
				INFOPLIST_KEY_UIMainStoryboardFile = Main;
				INFOPLIST_KEY_UIRequiresFullScreen = NO;
				INFOPLIST_KEY_UISupportedInterfaceOrientations_iPad = "UIInterfaceOrientationPortrait UIInterfaceOrientationPortraitUpsideDown UIInterfaceOrientationLandscapeLeft UIInterfaceOrientationLandscapeRight";
				INFOPLIST_KEY_UISupportedInterfaceOrientations_iPhone = "UIInterfaceOrientationPortrait UIInterfaceOrientationLandscapeLeft UIInterfaceOrientationLandscapeRight";
				IPHONEOS_DEPLOYMENT_TARGET = 16.0;
				LD_RUNPATH_SEARCH_PATHS = (
					"$(inherited)",
					"@executable_path/Frameworks",
				);
				MARKETING_VERSION = 0.1.0;
				PRODUCT_BUNDLE_IDENTIFIER = "UzairTariq.Notes-improved";
				PRODUCT_NAME = "$(TARGET_NAME)";
				SUPPORTED_PLATFORMS = "iphoneos iphonesimulator";
				SUPPORTS_MACCATALYST = NO;
				SUPPORTS_MAC_DESIGNED_FOR_IPHONE_IPAD = NO;
				SWIFT_EMIT_LOC_STRINGS = YES;
				SWIFT_VERSION = 5.0;
				TARGETED_DEVICE_FAMILY = 2;
			};
			name = Release;
		};
/* End XCBuildConfiguration section */

/* Begin XCConfigurationList section */
		86EE0E4C2924C8D300063B8F /* Build configuration list for PBXProject "Notes-improved" */ = {
			isa = XCConfigurationList;
			buildConfigurations = (
				86EE0E632924C8D800063B8F /* Debug */,
				86EE0E642924C8D800063B8F /* Release */,
			);
			defaultConfigurationIsVisible = 0;
			defaultConfigurationName = Release;
		};
		86EE0E652924C8D800063B8F /* Build configuration list for PBXNativeTarget "Notes-improved" */ = {
			isa = XCConfigurationList;
			buildConfigurations = (
				86EE0E662924C8D800063B8F /* Debug */,
				86EE0E672924C8D800063B8F /* Release */,
			);
			defaultConfigurationIsVisible = 0;
			defaultConfigurationName = Release;
		};
/* End XCConfigurationList section */

/* Begin XCVersionGroup section */
		86704990292C88B4005B94C3 /* Notes-improved.xcdatamodeld */ = {
			isa = XCVersionGroup;
			children = (
				86704991292C88B4005B94C3 /* Notes-improved.xcdatamodel */,
			);
			currentVersion = 86704991292C88B4005B94C3 /* Notes-improved.xcdatamodel */;
			path = "Notes-improved.xcdatamodeld";
			sourceTree = "<group>";
			versionGroupType = wrapper.xcdatamodel;
		};
/* End XCVersionGroup section */
	};
	rootObject = 86EE0E492924C8D300063B8F /* Project object */;
}
